
Microsoft Visual Studio Solution File, Format Version 12.00
# Visual Studio Version 17
VisualStudioVersion = 17.6.33801.468
MinimumVisualStudioVersion = 10.0.40219.1
Project("{FAE04EC0-301F-11D3-BF4B-00C04F79EFBC}") = "CommandDispatcher", "CommandDispatcher\CommandDispatcher.csproj", "{42EFC18A-3489-46C8-A717-E45AA6DE78BD}"
EndProject
Global
	GlobalSection(SolutionConfigurationPlatforms) = preSolution
		Debug|Any CPU = Debug|Any CPU
		Release|Any CPU = Release|Any CPU
	EndGlobalSection
	GlobalSection(ProjectConfigurationPlatforms) = postSolution
		{42EFC18A-3489-46C8-A717-E45AA6DE78BD}.Debug|Any CPU.ActiveCfg = Debug|Any CPU
		{42EFC18A-3489-46C8-A717-E45AA6DE78BD}.Debug|Any CPU.Build.0 = Debug|Any CPU
		{42EFC18A-3489-46C8-A717-E45AA6DE78BD}.Release|Any CPU.ActiveCfg = Release|Any CPU
		{42EFC18A-3489-46C8-A717-E45AA6DE78BD}.Release|Any CPU.Build.0 = Release|Any CPU
	EndGlobalSection
	GlobalSection(SolutionProperties) = preSolution
		HideSolutionNode = FALSE
	EndGlobalSection
	GlobalSection(ExtensibilityGlobals) = postSolution
		SolutionGuid = {CE46091C-22F6-44A7-A986-E7AC511D70C3}
	EndGlobalSection
EndGlobal
